{
  "nodes": {
    "jolt": {
      "flake": false,
      "locked": {
        "lastModified": 1788086833,
        "narHash": "sha256-ecm7W7h0kCI+TAk2lo/temf7N8/UugEeitrqd4HHFtY=",
        "ref": "refs/heads/main",
        "rev": "447b874d06066d15fee187200fabaf410f4ff5b6",
        "revCount": 2786,
        "submodules": true,
        "type": "git",
        "url": "https://github.com/jasalt/jolt.git"
      },
      "original": {
        "rev": "447b874d06066d15fee187200fabaf410f4ff5b6",
        "submodules": true,
        "type": "git",
        "url": "https://github.com/jasalt/jolt.git"
      }
    },
    "nixpkgs": {
      "locked": {
        "lastModified": 1788039129,
        "narHash": "sha256-pa4Q0qErvCvzCaaUph7Sm37RhR4xvPrYI8Lgz6k85+A=",
        "owner": "NixOS",
        "repo": "nixpkgs",
        "rev": "d2f67949798825fe853f7c5d0492b8bf016d3f88",
        "type": "github"
      },
      "original": {
        "owner": "NixOS",
        "ref": "nixos-unstable",
        "repo": "nixpkgs",
        "type": "github"
      }
    },
    "root": {
      "inputs": {
        "jolt": "jolt",
        "nixpkgs": "nixpkgs"
      }
    }
  },
  "root": "root",
  "version": 7
}
